
Microsoft Visual Studio Solution File, Format Version 12.00
# Visual Studio Version 17
VisualStudioVersion = 17.2.32408.312
MinimumVisualStudioVersion = 10.0.40219.1
Project("{F2A71F9B-5D33-465A-A702-920D77279786}") = "Simulation", "Simulation\Simulation.fsproj", "{9E403722-AB2F-4415-BEC6-1EDE5E081299}"
EndProject
Project("{FAE04EC0-301F-11D3-BF4B-00C04F79EFBC}") = "SimulationUI", "SimulationUI\SimulationUI.csproj", "{B37127CB-02F5-4BD2-82E0-120CE3995458}"
EndProject
Global
	GlobalSection(SolutionConfigurationPlatforms) = preSolution
		Debug|Any CPU = Debug|Any CPU
		Release|Any CPU = Release|Any CPU
	EndGlobalSection
	GlobalSection(ProjectConfigurationPlatforms) = postSolution
		{9E403722-AB2F-4415-BEC6-1EDE5E081299}.Debug|Any CPU.ActiveCfg = Debug|Any CPU
		{9E403722-AB2F-4415-BEC6-1EDE5E081299}.Debug|Any CPU.Build.0 = Debug|Any CPU
		{9E403722-AB2F-4415-BEC6-1EDE5E081299}.Release|Any CPU.ActiveCfg = Release|Any CPU
		{9E403722-AB2F-4415-BEC6-1EDE5E081299}.Release|Any CPU.Build.0 = Release|Any CPU
		{B37127CB-02F5-4BD2-82E0-120CE3995458}.Debug|Any CPU.ActiveCfg = Debug|Any CPU
		{B37127CB-02F5-4BD2-82E0-120CE3995458}.Debug|Any CPU.Build.0 = Debug|Any CPU
		{B37127CB-02F5-4BD2-82E0-120CE3995458}.Release|Any CPU.ActiveCfg = Release|Any CPU
		{B37127CB-02F5-4BD2-82E0-120CE3995458}.Release|Any CPU.Build.0 = Release|Any CPU
	EndGlobalSection
	GlobalSection(SolutionProperties) = preSolution
		HideSolutionNode = FALSE
	EndGlobalSection
	GlobalSection(ExtensibilityGlobals) = postSolution
		SolutionGuid = {DAAFAA60-4C24-4BCF-81CD-5FA0522EF421}
	EndGlobalSection
EndGlobal
